// !$*UTF8*$!
{
	archiveVersion = 1;
	classes = {
	};
	objectVersion = 55;
	objects = {

/* Begin PBXBuildFile section */
		1E1CDEE72785FF9B00D14925 /* DisplayAllJobsView.swift in Sources */ = {isa = PBXBuildFile; fileRef = 1E1CDEE62785FF9A00D14925 /* DisplayAllJobsView.swift */; };
		1E5980F8279AB51E002840D3 /* ImagePicker.swift in Sources */ = {isa = PBXBuildFile; fileRef = 1E5980F7279AB51E002840D3 /* ImagePicker.swift */; };
		1E5980FA279B13FC002840D3 /* UIImage+extension.swift in Sources */ = {isa = PBXBuildFile; fileRef = 1E5980F9279B13FC002840D3 /* UIImage+extension.swift */; };
		1E66DE14277C90E800831F21 /* PDFKitRepresentedView.swift in Sources */ = {isa = PBXBuildFile; fileRef = 1E66DE13277C90E800831F21 /* PDFKitRepresentedView.swift */; };
		1E66DE16277C910B00831F21 /* DocumentPicker.swift in Sources */ = {isa = PBXBuildFile; fileRef = 1E66DE15277C910B00831F21 /* DocumentPicker.swift */; };
		1E66DE1A277C982E00831F21 /* DocumentView.swift in Sources */ = {isa = PBXBuildFile; fileRef = 1E66DE19277C982E00831F21 /* DocumentView.swift */; };
		1E66DE1C277CB63300831F21 /* ChooseAccountView.swift in Sources */ = {isa = PBXBuildFile; fileRef = 1E66DE1B277CB63200831F21 /* ChooseAccountView.swift */; };
		1E672BD22799432100E12C40 /* Alamofire in Frameworks */ = {isa = PBXBuildFile; productRef = 1E672BD12799432100E12C40 /* Alamofire */; };
		1E672BD427994EF700E12C40 /* SearchViewModel.swift in Sources */ = {isa = PBXBuildFile; fileRef = 1E672BD327994EF700E12C40 /* SearchViewModel.swift */; };
		1E672BD62799699E00E12C40 /* UserViewModel.swift in Sources */ = {isa = PBXBuildFile; fileRef = 1E672BD52799699E00E12C40 /* UserViewModel.swift */; };
		1E7573E027859C4900C57662 /* MessageView.swift in Sources */ = {isa = PBXBuildFile; fileRef = 1E7573DF27859C4800C57662 /* MessageView.swift */; };
		1E7573E227859C8700C57662 /* ChatDetailView.swift in Sources */ = {isa = PBXBuildFile; fileRef = 1E7573E127859C8700C57662 /* ChatDetailView.swift */; };
		1E7573E427859CAF00C57662 /* ChatProfileBar.swift in Sources */ = {isa = PBXBuildFile; fileRef = 1E7573E327859CAE00C57662 /* ChatProfileBar.swift */; };
		1E7573E727859D7700C57662 /* text+Extension.swift in Sources */ = {isa = PBXBuildFile; fileRef = 1E7573E627859D7700C57662 /* text+Extension.swift */; };
		1E7573EA2785A2AA00C57662 /* Introspect in Frameworks */ = {isa = PBXBuildFile; productRef = 1E7573E92785A2AA00C57662 /* Introspect */; };
		1E7573EC2785A68000C57662 /* keyboardHandler.swift in Sources */ = {isa = PBXBuildFile; fileRef = 1E7573EB2785A68000C57662 /* keyboardHandler.swift */; };
		1E7573F02785BD8400C57662 /* MessageListVieModel.swift in Sources */ = {isa = PBXBuildFile; fileRef = 1E7573EF2785BD8400C57662 /* MessageListVieModel.swift */; };
		1E7573F62785EB0500C57662 /* SearchResultView.swift in Sources */ = {isa = PBXBuildFile; fileRef = 1E7573F52785EB0500C57662 /* SearchResultView.swift */; };
		1E7573F92785F1A100C57662 /* SearchScreen.swift in Sources */ = {isa = PBXBuildFile; fileRef = 1E7573F82785F1A100C57662 /* SearchScreen.swift */; };
		1E9D56A9278A338E0006FCC9 /* UserModel.swift in Sources */ = {isa = PBXBuildFile; fileRef = 1E9D56A8278A338E0006FCC9 /* UserModel.swift */; };
		1E9D56AC278A34930006FCC9 /* AuthWebService.swift in Sources */ = {isa = PBXBuildFile; fileRef = 1E9D56AB278A34930006FCC9 /* AuthWebService.swift */; };
		1E9D56AF278A37F10006FCC9 /* LoginViewModel.swift in Sources */ = {isa = PBXBuildFile; fileRef = 1E9D56AE278A37F10006FCC9 /* LoginViewModel.swift */; };
		1E9D56B1278A395E0006FCC9 /* RegisterViewModel.swift in Sources */ = {isa = PBXBuildFile; fileRef = 1E9D56B0278A395E0006FCC9 /* RegisterViewModel.swift */; };
		1E9D56B3278A52F30006FCC9 /* transition+Extension.swift in Sources */ = {isa = PBXBuildFile; fileRef = 1E9D56B2278A52F20006FCC9 /* transition+Extension.swift */; };
		1EDBC15C2790DAE600B34AFC /* JobViewModel.swift in Sources */ = {isa = PBXBuildFile; fileRef = 1EDBC15B2790DAE600B34AFC /* JobViewModel.swift */; };
		1EDBC15E2790DB5200B34AFC /* Job.swift in Sources */ = {isa = PBXBuildFile; fileRef = 1EDBC15D2790DB5200B34AFC /* Job.swift */; };
		1EDBC1632790E8E900B34AFC /* URLImage in Frameworks */ = {isa = PBXBuildFile; productRef = 1EDBC1622790E8E900B34AFC /* URLImage */; };
		1EEE31FB2776D5AF005A4036 /* JobFinderApp.swift in Sources */ = {isa = PBXBuildFile; fileRef = 1EEE31FA2776D5AF005A4036 /* JobFinderApp.swift */; };
		1EEE31FD2776D5AF005A4036 /* ContentView.swift in Sources */ = {isa = PBXBuildFile; fileRef = 1EEE31FC2776D5AF005A4036 /* ContentView.swift */; };
		1EEE31FF2776D5B3005A4036 /* Assets.xcassets in Resources */ = {isa = PBXBuildFile; fileRef = 1EEE31FE2776D5B3005A4036 /* Assets.xcassets */; };
		1EEE32022776D5B3005A4036 /* Preview Assets.xcassets in Resources */ = {isa = PBXBuildFile; fileRef = 1EEE32012776D5B3005A4036 /* Preview Assets.xcassets */; };
		1EEE320E2776D617005A4036 /* HomeScreen.swift in Sources */ = {isa = PBXBuildFile; fileRef = 1EEE320D2776D617005A4036 /* HomeScreen.swift */; };
		1EEE32102776D624005A4036 /* ProfileScreen.swift in Sources */ = {isa = PBXBuildFile; fileRef = 1EEE320F2776D624005A4036 /* ProfileScreen.swift */; };
		1EEE32122776D62F005A4036 /* ChatScreen.swift in Sources */ = {isa = PBXBuildFile; fileRef = 1EEE32112776D62F005A4036 /* ChatScreen.swift */; };
		1EEE32142776D99F005A4036 /* OnboardView.swift in Sources */ = {isa = PBXBuildFile; fileRef = 1EEE32132776D99F005A4036 /* OnboardView.swift */; };
		1EEE32172776E439005A4036 /* LogInView.swift in Sources */ = {isa = PBXBuildFile; fileRef = 1EEE32162776E439005A4036 /* LogInView.swift */; };
		1EEE32192776E448005A4036 /* SignUpView.swift in Sources */ = {isa = PBXBuildFile; fileRef = 1EEE32182776E448005A4036 /* SignUpView.swift */; };
		1EEE321C2776F5FC005A4036 /* customModifier.swift in Sources */ = {isa = PBXBuildFile; fileRef = 1EEE321B2776F5FC005A4036 /* customModifier.swift */; };
		1EEE321E2776F9C7005A4036 /* SearchBar.swift in Sources */ = {isa = PBXBuildFile; fileRef = 1EEE321D2776F9C7005A4036 /* SearchBar.swift */; };
		1EEE322127771A20005A4036 /* PopularJobView.swift in Sources */ = {isa = PBXBuildFile; fileRef = 1EEE322027771A1F005A4036 /* PopularJobView.swift */; };
		1EEE322327772788005A4036 /* RecentJob.swift in Sources */ = {isa = PBXBuildFile; fileRef = 1EEE322227772788005A4036 /* RecentJob.swift */; };
		1EEE322527772C40005A4036 /* ApplyView.swift in Sources */ = {isa = PBXBuildFile; fileRef = 1EEE322427772C3F005A4036 /* ApplyView.swift */; };
		1EEE322727773FA8005A4036 /* JobApply.swift in Sources */ = {isa = PBXBuildFile; fileRef = 1EEE322627773FA8005A4036 /* JobApply.swift */; };
		1EEE322A277795A4005A4036 /* EditProfile.swift in Sources */ = {isa = PBXBuildFile; fileRef = 1EEE3229277795A3005A4036 /* EditProfile.swift */; };
		1EEE322C277795B0005A4036 /* MyApplicationView.swift in Sources */ = {isa = PBXBuildFile; fileRef = 1EEE322B277795B0005A4036 /* MyApplicationView.swift */; };
		1EEE322E277795BD005A4036 /* NotificationSettigView.swift in Sources */ = {isa = PBXBuildFile; fileRef = 1EEE322D277795BC005A4036 /* NotificationSettigView.swift */; };
		1EF515BC2790F971009B687E /* LoadingView.swift in Sources */ = {isa = PBXBuildFile; fileRef = 1EF515BB2790F971009B687E /* LoadingView.swift */; };
		D40E7E0F281F1291001C4574 /* HomeCom.swift in Sources */ = {isa = PBXBuildFile; fileRef = D40E7E0E281F1291001C4574 /* HomeCom.swift */; };
		D40E7E11281F129F001C4574 /* ChatCom.swift in Sources */ = {isa = PBXBuildFile; fileRef = D40E7E10281F129F001C4574 /* ChatCom.swift */; };
		D40E7E13281F12A5001C4574 /* ProfileCom.swift in Sources */ = {isa = PBXBuildFile; fileRef = D40E7E12281F12A5001C4574 /* ProfileCom.swift */; };
		D40E7E17281F1702001C4574 /* CompanyViewTab.swift in Sources */ = {isa = PBXBuildFile; fileRef = D40E7E16281F1702001C4574 /* CompanyViewTab.swift */; };
		D40E7E1A281F3130001C4574 /* AppliedUser.swift in Sources */ = {isa = PBXBuildFile; fileRef = D40E7E19281F3130001C4574 /* AppliedUser.swift */; };
		D40E7E1C281F3E93001C4574 /* AppliedUserDetailView.swift in Sources */ = {isa = PBXBuildFile; fileRef = D40E7E1B281F3E93001C4574 /* AppliedUserDetailView.swift */; };
		D40E7E1E281F42CF001C4574 /* Resume.pdf in Resources */ = {isa = PBXBuildFile; fileRef = D40E7E1D281F42CF001C4574 /* Resume.pdf */; };
		D40E7E20281F430D001C4574 /* GetPdf.swift in Sources */ = {isa = PBXBuildFile; fileRef = D40E7E1F281F430D001C4574 /* GetPdf.swift */; };
		D40E7E22281F4566001C4574 /* CVView.swift in Sources */ = {isa = PBXBuildFile; fileRef = D40E7E21281F4566001C4574 /* CVView.swift */; };
		D40E7E24281F48DD001C4574 /* CreateNewJobPostView.swift in Sources */ = {isa = PBXBuildFile; fileRef = D40E7E23281F48DD001C4574 /* CreateNewJobPostView.swift */; };
		D4173F58282358DC00DCDC78 /* URLImageStore in Frameworks */ = {isa = PBXBuildFile; productRef = D4173F57282358DC00DCDC78 /* URLImageStore */; };
		D4173F5A28235A3200DCDC78 /* NotificationView.swift in Sources */ = {isa = PBXBuildFile; fileRef = D4173F5928235A3200DCDC78 /* NotificationView.swift */; };
		D4173F5C2824FEE000DCDC78 /* NotificationViewModel.swift in Sources */ = {isa = PBXBuildFile; fileRef = D4173F5B2824FEE000DCDC78 /* NotificationViewModel.swift */; };
		D4784DA42820784100C92B99 /* AddPostViewModel.swift in Sources */ = {isa = PBXBuildFile; fileRef = D4784DA32820784100C92B99 /* AddPostViewModel.swift */; };
		D4784DA62821A76B00C92B99 /* AppliedUsersView.swift in Sources */ = {isa = PBXBuildFile; fileRef = D4784DA52821A76B00C92B99 /* AppliedUsersView.swift */; };
		D4784DA82821AC6300C92B99 /* FetchPostViewModel.swift in Sources */ = {isa = PBXBuildFile; fileRef = D4784DA72821AC6300C92B99 /* FetchPostViewModel.swift */; };
		D4784DAA2821B4E000C92B99 /* SingleJobPost.swift in Sources */ = {isa = PBXBuildFile; fileRef = D4784DA92821B4E000C92B99 /* SingleJobPost.swift */; };
		D4784DAC2821D9A600C92B99 /* Color+Extension.swift in Sources */ = {isa = PBXBuildFile; fileRef = D4784DAB2821D9A600C92B99 /* Color+Extension.swift */; };
		D4784DAE2823099D00C92B99 /* EmptyView.swift in Sources */ = {isa = PBXBuildFile; fileRef = D4784DAD2823099D00C92B99 /* EmptyView.swift */; };
		D493A5E9282719ED00E88F4D /* IosDateFormatter.swift in Sources */ = {isa = PBXBuildFile; fileRef = D493A5E8282719ED00E88F4D /* IosDateFormatter.swift */; };
		D493A5EB28272C2800E88F4D /* UploadImageView.swift in Sources */ = {isa = PBXBuildFile; fileRef = D493A5EA28272C2800E88F4D /* UploadImageView.swift */; };
/* End PBXBuildFile section */

/* Begin PBXFileReference section */
		1E1CDEE62785FF9A00D14925 /* DisplayAllJobsView.swift */ = {isa = PBXFileReference; lastKnownFileType = sourcecode.swift; path = DisplayAllJobsView.swift; sourceTree = "<group>"; };
		1E5980F7279AB51E002840D3 /* ImagePicker.swift */ = {isa = PBXFileReference; lastKnownFileType = sourcecode.swift; path = ImagePicker.swift; sourceTree = "<group>"; };
		1E5980F9279B13FC002840D3 /* UIImage+extension.swift */ = {isa = PBXFileReference; lastKnownFileType = sourcecode.swift; path = "UIImage+extension.swift"; sourceTree = "<group>"; };
		1E66DE13277C90E800831F21 /* PDFKitRepresentedView.swift */ = {isa = PBXFileReference; lastKnownFileType = sourcecode.swift; path = PDFKitRepresentedView.swift; sourceTree = "<group>"; };
		1E66DE15277C910B00831F21 /* DocumentPicker.swift */ = {isa = PBXFileReference; lastKnownFileType = sourcecode.swift; path = DocumentPicker.swift; sourceTree = "<group>"; };
		1E66DE19277C982E00831F21 /* DocumentView.swift */ = {isa = PBXFileReference; lastKnownFileType = sourcecode.swift; path = DocumentView.swift; sourceTree = "<group>"; };
		1E66DE1B277CB63200831F21 /* ChooseAccountView.swift */ = {isa = PBXFileReference; lastKnownFileType = sourcecode.swift; path = ChooseAccountView.swift; sourceTree = "<group>"; };
		1E672BD327994EF700E12C40 /* SearchViewModel.swift */ = {isa = PBXFileReference; lastKnownFileType = sourcecode.swift; path = SearchViewModel.swift; sourceTree = "<group>"; };
		1E672BD52799699E00E12C40 /* UserViewModel.swift */ = {isa = PBXFileReference; lastKnownFileType = sourcecode.swift; path = UserViewModel.swift; sourceTree = "<group>"; };
		1E7573DF27859C4800C57662 /* MessageView.swift */ = {isa = PBXFileReference; lastKnownFileType = sourcecode.swift; path = MessageView.swift; sourceTree = "<group>"; };
		1E7573E127859C8700C57662 /* ChatDetailView.swift */ = {isa = PBXFileReference; lastKnownFileType = sourcecode.swift; path = ChatDetailView.swift; sourceTree = "<group>"; };
		1E7573E327859CAE00C57662 /* ChatProfileBar.swift */ = {isa = PBXFileReference; lastKnownFileType = sourcecode.swift; path = ChatProfileBar.swift; sourceTree = "<group>"; };
		1E7573E627859D7700C57662 /* text+Extension.swift */ = {isa = PBXFileReference; lastKnownFileType = sourcecode.swift; path = "text+Extension.swift"; sourceTree = "<group>"; };
		1E7573EB2785A68000C57662 /* keyboardHandler.swift */ = {isa = PBXFileReference; lastKnownFileType = sourcecode.swift; path = keyboardHandler.swift; sourceTree = "<group>"; };
		1E7573EF2785BD8400C57662 /* MessageListVieModel.swift */ = {isa = PBXFileReference; lastKnownFileType = sourcecode.swift; path = MessageListVieModel.swift; sourceTree = "<group>"; };
		1E7573F52785EB0500C57662 /* SearchResultView.swift */ = {isa = PBXFileReference; lastKnownFileType = sourcecode.swift; path = SearchResultView.swift; sourceTree = "<group>"; };
		1E7573F82785F1A100C57662 /* SearchScreen.swift */ = {isa = PBXFileReference; lastKnownFileType = sourcecode.swift; path = SearchScreen.swift; sourceTree = "<group>"; };
		1E9D56A8278A338E0006FCC9 /* UserModel.swift */ = {isa = PBXFileReference; lastKnownFileType = sourcecode.swift; path = UserModel.swift; sourceTree = "<group>"; };
		1E9D56AB278A34930006FCC9 /* AuthWebService.swift */ = {isa = PBXFileReference; lastKnownFileType = sourcecode.swift; path = AuthWebService.swift; sourceTree = "<group>"; };
		1E9D56AE278A37F10006FCC9 /* LoginViewModel.swift */ = {isa = PBXFileReference; lastKnownFileType = sourcecode.swift; path = LoginViewModel.swift; sourceTree = "<group>"; };
		1E9D56B0278A395E0006FCC9 /* RegisterViewModel.swift */ = {isa = PBXFileReference; lastKnownFileType = sourcecode.swift; path = RegisterViewModel.swift; sourceTree = "<group>"; };
		1E9D56B2278A52F20006FCC9 /* transition+Extension.swift */ = {isa = PBXFileReference; lastKnownFileType = sourcecode.swift; path = "transition+Extension.swift"; sourceTree = "<group>"; };
		1EDBC15B2790DAE600B34AFC /* JobViewModel.swift */ = {isa = PBXFileReference; lastKnownFileType = sourcecode.swift; path = JobViewModel.swift; sourceTree = "<group>"; };
		1EDBC15D2790DB5200B34AFC /* Job.swift */ = {isa = PBXFileReference; lastKnownFileType = sourcecode.swift; path = Job.swift; sourceTree = "<group>"; };
		1EEE31F72776D5AF005A4036 /* JobFinder.app */ = {isa = PBXFileReference; explicitFileType = wrapper.application; includeInIndex = 0; path = JobFinder.app; sourceTree = BUILT_PRODUCTS_DIR; };
		1EEE31FA2776D5AF005A4036 /* JobFinderApp.swift */ = {isa = PBXFileReference; lastKnownFileType = sourcecode.swift; path = JobFinderApp.swift; sourceTree = "<group>"; };
		1EEE31FC2776D5AF005A4036 /* ContentView.swift */ = {isa = PBXFileReference; lastKnownFileType = sourcecode.swift; path = ContentView.swift; sourceTree = "<group>"; };
		1EEE31FE2776D5B3005A4036 /* Assets.xcassets */ = {isa = PBXFileReference; lastKnownFileType = folder.assetcatalog; path = Assets.xcassets; sourceTree = "<group>"; };
		1EEE32012776D5B3005A4036 /* Preview Assets.xcassets */ = {isa = PBXFileReference; lastKnownFileType = folder.assetcatalog; path = "Preview Assets.xcassets"; sourceTree = "<group>"; };
		1EEE320D2776D617005A4036 /* HomeScreen.swift */ = {isa = PBXFileReference; lastKnownFileType = sourcecode.swift; path = HomeScreen.swift; sourceTree = "<group>"; };
		1EEE320F2776D624005A4036 /* ProfileScreen.swift */ = {isa = PBXFileReference; lastKnownFileType = sourcecode.swift; path = ProfileScreen.swift; sourceTree = "<group>"; };
		1EEE32112776D62F005A4036 /* ChatScreen.swift */ = {isa = PBXFileReference; lastKnownFileType = sourcecode.swift; path = ChatScreen.swift; sourceTree = "<group>"; };
		1EEE32132776D99F005A4036 /* OnboardView.swift */ = {isa = PBXFileReference; lastKnownFileType = sourcecode.swift; path = OnboardView.swift; sourceTree = "<group>"; };
		1EEE32162776E439005A4036 /* LogInView.swift */ = {isa = PBXFileReference; lastKnownFileType = sourcecode.swift; path = LogInView.swift; sourceTree = "<group>"; };
		1EEE32182776E448005A4036 /* SignUpView.swift */ = {isa = PBXFileReference; lastKnownFileType = sourcecode.swift; path = SignUpView.swift; sourceTree = "<group>"; };
		1EEE321B2776F5FC005A4036 /* customModifier.swift */ = {isa = PBXFileReference; lastKnownFileType = sourcecode.swift; path = customModifier.swift; sourceTree = "<group>"; };
		1EEE321D2776F9C7005A4036 /* SearchBar.swift */ = {isa = PBXFileReference; lastKnownFileType = sourcecode.swift; path = SearchBar.swift; sourceTree = "<group>"; };
		1EEE322027771A1F005A4036 /* PopularJobView.swift */ = {isa = PBXFileReference; lastKnownFileType = sourcecode.swift; path = PopularJobView.swift; sourceTree = "<group>"; };
		1EEE322227772788005A4036 /* RecentJob.swift */ = {isa = PBXFileReference; lastKnownFileType = sourcecode.swift; path = RecentJob.swift; sourceTree = "<group>"; };
		1EEE322427772C3F005A4036 /* ApplyView.swift */ = {isa = PBXFileReference; lastKnownFileType = sourcecode.swift; path = ApplyView.swift; sourceTree = "<group>"; };
		1EEE322627773FA8005A4036 /* JobApply.swift */ = {isa = PBXFileReference; lastKnownFileType = sourcecode.swift; path = JobApply.swift; sourceTree = "<group>"; };
		1EEE3229277795A3005A4036 /* EditProfile.swift */ = {isa = PBXFileReference; lastKnownFileType = sourcecode.swift; path = EditProfile.swift; sourceTree = "<group>"; };
		1EEE322B277795B0005A4036 /* MyApplicationView.swift */ = {isa = PBXFileReference; lastKnownFileType = sourcecode.swift; path = MyApplicationView.swift; sourceTree = "<group>"; };
		1EEE322D277795BC005A4036 /* NotificationSettigView.swift */ = {isa = PBXFileReference; lastKnownFileType = sourcecode.swift; path = NotificationSettigView.swift; sourceTree = "<group>"; };
		1EF515BB2790F971009B687E /* LoadingView.swift */ = {isa = PBXFileReference; lastKnownFileType = sourcecode.swift; path = LoadingView.swift; sourceTree = "<group>"; };
		D40E7E0E281F1291001C4574 /* HomeCom.swift */ = {isa = PBXFileReference; lastKnownFileType = sourcecode.swift; path = HomeCom.swift; sourceTree = "<group>"; };
		D40E7E10281F129F001C4574 /* ChatCom.swift */ = {isa = PBXFileReference; lastKnownFileType = sourcecode.swift; path = ChatCom.swift; sourceTree = "<group>"; };
		D40E7E12281F12A5001C4574 /* ProfileCom.swift */ = {isa = PBXFileReference; lastKnownFileType = sourcecode.swift; path = ProfileCom.swift; sourceTree = "<group>"; };
		D40E7E16281F1702001C4574 /* CompanyViewTab.swift */ = {isa = PBXFileReference; lastKnownFileType = sourcecode.swift; path = CompanyViewTab.swift; sourceTree = "<group>"; };
		D40E7E19281F3130001C4574 /* AppliedUser.swift */ = {isa = PBXFileReference; lastKnownFileType = sourcecode.swift; path = AppliedUser.swift; sourceTree = "<group>"; };
		D40E7E1B281F3E93001C4574 /* AppliedUserDetailView.swift */ = {isa = PBXFileReference; lastKnownFileType = sourcecode.swift; path = AppliedUserDetailView.swift; sourceTree = "<group>"; };
		D40E7E1D281F42CF001C4574 /* Resume.pdf */ = {isa = PBXFileReference; lastKnownFileType = image.pdf; path = Resume.pdf; sourceTree = "<group>"; };
		D40E7E1F281F430D001C4574 /* GetPdf.swift */ = {isa = PBXFileReference; lastKnownFileType = sourcecode.swift; path = GetPdf.swift; sourceTree = "<group>"; };
		D40E7E21281F4566001C4574 /* CVView.swift */ = {isa = PBXFileReference; lastKnownFileType = sourcecode.swift; path = CVView.swift; sourceTree = "<group>"; };
		D40E7E23281F48DD001C4574 /* CreateNewJobPostView.swift */ = {isa = PBXFileReference; lastKnownFileType = sourcecode.swift; path = CreateNewJobPostView.swift; sourceTree = "<group>"; };
		D4173F5928235A3200DCDC78 /* NotificationView.swift */ = {isa = PBXFileReference; lastKnownFileType = sourcecode.swift; path = NotificationView.swift; sourceTree = "<group>"; };
		D4173F5B2824FEE000DCDC78 /* NotificationViewModel.swift */ = {isa = PBXFileReference; lastKnownFileType = sourcecode.swift; path = NotificationViewModel.swift; sourceTree = "<group>"; };
		D4784DA32820784100C92B99 /* AddPostViewModel.swift */ = {isa = PBXFileReference; lastKnownFileType = sourcecode.swift; path = AddPostViewModel.swift; sourceTree = "<group>"; };
		D4784DA52821A76B00C92B99 /* AppliedUsersView.swift */ = {isa = PBXFileReference; lastKnownFileType = sourcecode.swift; path = AppliedUsersView.swift; sourceTree = "<group>"; };
		D4784DA72821AC6300C92B99 /* FetchPostViewModel.swift */ = {isa = PBXFileReference; lastKnownFileType = sourcecode.swift; path = FetchPostViewModel.swift; sourceTree = "<group>"; };
		D4784DA92821B4E000C92B99 /* SingleJobPost.swift */ = {isa = PBXFileReference; lastKnownFileType = sourcecode.swift; path = SingleJobPost.swift; sourceTree = "<group>"; };
		D4784DAB2821D9A600C92B99 /* Color+Extension.swift */ = {isa = PBXFileReference; lastKnownFileType = sourcecode.swift; path = "Color+Extension.swift"; sourceTree = "<group>"; };
		D4784DAD2823099D00C92B99 /* EmptyView.swift */ = {isa = PBXFileReference; lastKnownFileType = sourcecode.swift; path = EmptyView.swift; sourceTree = "<group>"; };
		D493A5E8282719ED00E88F4D /* IosDateFormatter.swift */ = {isa = PBXFileReference; lastKnownFileType = sourcecode.swift; path = IosDateFormatter.swift; sourceTree = "<group>"; };
		D493A5EA28272C2800E88F4D /* UploadImageView.swift */ = {isa = PBXFileReference; lastKnownFileType = sourcecode.swift; path = UploadImageView.swift; sourceTree = "<group>"; };
/* End PBXFileReference section */

/* Begin PBXFrameworksBuildPhase section */
		1EEE31F42776D5AF005A4036 /* Frameworks */ = {
			isa = PBXFrameworksBuildPhase;
			buildActionMask = 2147483647;
			files = (
				D4173F58282358DC00DCDC78 /* URLImageStore in Frameworks */,
				1E672BD22799432100E12C40 /* Alamofire in Frameworks */,
				1EDBC1632790E8E900B34AFC /* URLImage in Frameworks */,
				1E7573EA2785A2AA00C57662 /* Introspect in Frameworks */,
			);
			runOnlyForDeploymentPostprocessing = 0;
		};
/* End PBXFrameworksBuildPhase section */

/* Begin PBXGroup section */
		1E7573DE27859C3600C57662 /* Chat View */ = {
			isa = PBXGroup;
			children = (
				1E7573DF27859C4800C57662 /* MessageView.swift */,
				1E7573E127859C8700C57662 /* ChatDetailView.swift */,
				1E7573E327859CAE00C57662 /* ChatProfileBar.swift */,
			);
			path = "Chat View";
			sourceTree = "<group>";
		};
		1E7573E527859D6400C57662 /* Extension */ = {
			isa = PBXGroup;
			children = (
				1E7573E627859D7700C57662 /* text+Extension.swift */,
				1E9D56B2278A52F20006FCC9 /* transition+Extension.swift */,
				1E5980F9279B13FC002840D3 /* UIImage+extension.swift */,
				D4784DAB2821D9A600C92B99 /* Color+Extension.swift */,
			);
			path = Extension;
			sourceTree = "<group>";
		};
		1E7573ED2785BD6800C57662 /* Chat */ = {
			isa = PBXGroup;
			children = (
				1E7573EF2785BD8400C57662 /* MessageListVieModel.swift */,
			);
			path = Chat;
			sourceTree = "<group>";
		};
		1E7573F72785EB2500C57662 /* Search */ = {
			isa = PBXGroup;
			children = (
				1EEE321D2776F9C7005A4036 /* SearchBar.swift */,
				1E7573F52785EB0500C57662 /* SearchResultView.swift */,
			);
			path = Search;
			sourceTree = "<group>";
		};
		1E9D56AA278A34800006FCC9 /* Services */ = {
			isa = PBXGroup;
			children = (
				1E9D56AB278A34930006FCC9 /* AuthWebService.swift */,
			);
			path = Services;
			sourceTree = "<group>";
		};
		1E9D56AD278A37D90006FCC9 /* Authentication */ = {
			isa = PBXGroup;
			children = (
				1E9D56AE278A37F10006FCC9 /* LoginViewModel.swift */,
				1E9D56B0278A395E0006FCC9 /* RegisterViewModel.swift */,
			);
			path = Authentication;
			sourceTree = "<group>";
		};
		1EEE31EE2776D5AF005A4036 = {
			isa = PBXGroup;
			children = (
				1EEE31F92776D5AF005A4036 /* JobFinder */,
				1EEE31F82776D5AF005A4036 /* Products */,
				D4173F56282358DC00DCDC78 /* Frameworks */,
			);
			sourceTree = "<group>";
		};
		1EEE31F82776D5AF005A4036 /* Products */ = {
			isa = PBXGroup;
			children = (
				1EEE31F72776D5AF005A4036 /* JobFinder.app */,
			);
			name = Products;
			sourceTree = "<group>";
		};
		1EEE31F92776D5AF005A4036 /* JobFinder */ = {
			isa = PBXGroup;
			children = (
				D40E7E1D281F42CF001C4574 /* Resume.pdf */,
				D40E7E0C281F04CF001C4574 /* Company */,
				D40E7E0B281F04C3001C4574 /* User */,
				1EEE31FA2776D5AF005A4036 /* JobFinderApp.swift */,
				1EEE31FC2776D5AF005A4036 /* ContentView.swift */,
				1EEE31FE2776D5B3005A4036 /* Assets.xcassets */,
				1EEE32002776D5B3005A4036 /* Preview Content */,
			);
			path = JobFinder;
			sourceTree = "<group>";
		};
		1EEE32002776D5B3005A4036 /* Preview Content */ = {
			isa = PBXGroup;
			children = (
				1EEE32012776D5B3005A4036 /* Preview Assets.xcassets */,
			);
			path = "Preview Content";
			sourceTree = "<group>";
		};
		1EEE32082776D5D5005A4036 /* Model */ = {
			isa = PBXGroup;
			children = (
				1E9D56A8278A338E0006FCC9 /* UserModel.swift */,
				1EDBC15D2790DB5200B34AFC /* Job.swift */,
			);
			path = Model;
			sourceTree = "<group>";
		};
		1EEE32092776D5E0005A4036 /* ViewModel */ = {
			isa = PBXGroup;
			children = (
				1E9D56AD278A37D90006FCC9 /* Authentication */,
				1E7573ED2785BD6800C57662 /* Chat */,
				1EDBC15B2790DAE600B34AFC /* JobViewModel.swift */,
				1E672BD327994EF700E12C40 /* SearchViewModel.swift */,
				1E672BD52799699E00E12C40 /* UserViewModel.swift */,
			);
			path = ViewModel;
			sourceTree = "<group>";
		};
		1EEE320A2776D5E8005A4036 /* OnboardingView */ = {
			isa = PBXGroup;
			children = (
				1EEE32132776D99F005A4036 /* OnboardView.swift */,
			);
			path = OnboardingView;
			sourceTree = "<group>";
		};
		1EEE320B2776D5FC005A4036 /* View */ = {
			isa = PBXGroup;
			children = (
				1E7573DE27859C3600C57662 /* Chat View */,
				1EEE322827779593005A4036 /* ProfileView */,
				1EEE321F27771A09005A4036 /* HomeView */,
				1EEE32152776E422005A4036 /* AuthenticationView */,
				1E7573F72785EB2500C57662 /* Search */,
				1EEE322427772C3F005A4036 /* ApplyView.swift */,
				1EEE322627773FA8005A4036 /* JobApply.swift */,
				1E66DE19277C982E00831F21 /* DocumentView.swift */,
				1E1CDEE62785FF9A00D14925 /* DisplayAllJobsView.swift */,
				1EF515BB2790F971009B687E /* LoadingView.swift */,
				D4173F5928235A3200DCDC78 /* NotificationView.swift */,
			);
			path = View;
			sourceTree = "<group>";
		};
		1EEE320C2776D602005A4036 /* Screens */ = {
			isa = PBXGroup;
			children = (
				1EEE320D2776D617005A4036 /* HomeScreen.swift */,
				1EEE320F2776D624005A4036 /* ProfileScreen.swift */,
				1EEE32112776D62F005A4036 /* ChatScreen.swift */,
				1E7573F82785F1A100C57662 /* SearchScreen.swift */,
			);
			path = Screens;
			sourceTree = "<group>";
		};
		1EEE32152776E422005A4036 /* AuthenticationView */ = {
			isa = PBXGroup;
			children = (
				1EEE32162776E439005A4036 /* LogInView.swift */,
				1EEE32182776E448005A4036 /* SignUpView.swift */,
				1E66DE1B277CB63200831F21 /* ChooseAccountView.swift */,
			);
			path = AuthenticationView;
			sourceTree = "<group>";
		};
		1EEE321A2776F5E3005A4036 /* utils */ = {
			isa = PBXGroup;
			children = (
				D40E7E0A281F04B2001C4574 /* New Group */,
				1EEE321B2776F5FC005A4036 /* customModifier.swift */,
				1E66DE13277C90E800831F21 /* PDFKitRepresentedView.swift */,
				1E66DE15277C910B00831F21 /* DocumentPicker.swift */,
				1E7573EB2785A68000C57662 /* keyboardHandler.swift */,
				1E5980F7279AB51E002840D3 /* ImagePicker.swift */,
				D40E7E1F281F430D001C4574 /* GetPdf.swift */,
				D493A5E8282719ED00E88F4D /* IosDateFormatter.swift */,
			);
			path = utils;
			sourceTree = "<group>";
		};
		1EEE321F27771A09005A4036 /* HomeView */ = {
			isa = PBXGroup;
			children = (
				1EEE322027771A1F005A4036 /* PopularJobView.swift */,
				1EEE322227772788005A4036 /* RecentJob.swift */,
			);
			path = HomeView;
			sourceTree = "<group>";
		};
		1EEE322827779593005A4036 /* ProfileView */ = {
			isa = PBXGroup;
			children = (
				1EEE3229277795A3005A4036 /* EditProfile.swift */,
				1EEE322B277795B0005A4036 /* MyApplicationView.swift */,
				1EEE322D277795BC005A4036 /* NotificationSettigView.swift */,
				D493A5EA28272C2800E88F4D /* UploadImageView.swift */,
			);
			path = ProfileView;
			sourceTree = "<group>";
		};
		D40E7E0A281F04B2001C4574 /* New Group */ = {
			isa = PBXGroup;
			children = (
			);
			path = "New Group";
			sourceTree = "<group>";
		};
		D40E7E0B281F04C3001C4574 /* User */ = {
			isa = PBXGroup;
			children = (
				1E9D56AA278A34800006FCC9 /* Services */,
				1E7573E527859D6400C57662 /* Extension */,
				1EEE321A2776F5E3005A4036 /* utils */,
				1EEE320C2776D602005A4036 /* Screens */,
				1EEE320B2776D5FC005A4036 /* View */,
				1EEE320A2776D5E8005A4036 /* OnboardingView */,
				1EEE32092776D5E0005A4036 /* ViewModel */,
				1EEE32082776D5D5005A4036 /* Model */,
			);
			path = User;
			sourceTree = "<group>";
		};
		D40E7E0C281F04CF001C4574 /* Company */ = {
			isa = PBXGroup;
			children = (
				D4784DA22820783300C92B99 /* CompanyViewModel */,
				D40E7E18281F3124001C4574 /* Views */,
				D40E7E0D281F1279001C4574 /* ScrrensCom */,
				D40E7E16281F1702001C4574 /* CompanyViewTab.swift */,
			);
			path = Company;
			sourceTree = "<group>";
		};
		D40E7E0D281F1279001C4574 /* ScrrensCom */ = {
			isa = PBXGroup;
			children = (
				D40E7E0E281F1291001C4574 /* HomeCom.swift */,
				D40E7E10281F129F001C4574 /* ChatCom.swift */,
				D40E7E12281F12A5001C4574 /* ProfileCom.swift */,
			);
			path = ScrrensCom;
			sourceTree = "<group>";
		};
		D40E7E18281F3124001C4574 /* Views */ = {
			isa = PBXGroup;
			children = (
				D40E7E19281F3130001C4574 /* AppliedUser.swift */,
				D40E7E1B281F3E93001C4574 /* AppliedUserDetailView.swift */,
				D40E7E21281F4566001C4574 /* CVView.swift */,
				D40E7E23281F48DD001C4574 /* CreateNewJobPostView.swift */,
				D4784DA52821A76B00C92B99 /* AppliedUsersView.swift */,
				D4784DA92821B4E000C92B99 /* SingleJobPost.swift */,
				D4784DAD2823099D00C92B99 /* EmptyView.swift */,
			);
			path = Views;
			sourceTree = "<group>";
		};
		D4173F56282358DC00DCDC78 /* Frameworks */ = {
			isa = PBXGroup;
			children = (
			);
			name = Frameworks;
			sourceTree = "<group>";
		};
		D4784DA22820783300C92B99 /* CompanyViewModel */ = {
			isa = PBXGroup;
			children = (
				D4784DA32820784100C92B99 /* AddPostViewModel.swift */,
				D4784DA72821AC6300C92B99 /* FetchPostViewModel.swift */,
				D4173F5B2824FEE000DCDC78 /* NotificationViewModel.swift */,
			);
			path = CompanyViewModel;
			sourceTree = "<group>";
		};
/* End PBXGroup section */

/* Begin PBXNativeTarget section */
		1EEE31F62776D5AF005A4036 /* JobFinder */ = {
			isa = PBXNativeTarget;
			buildConfigurationList = 1EEE32052776D5B3005A4036 /* Build configuration list for PBXNativeTarget "JobFinder" */;
			buildPhases = (
				1EEE31F32776D5AF005A4036 /* Sources */,
				1EEE31F42776D5AF005A4036 /* Frameworks */,
				1EEE31F52776D5AF005A4036 /* Resources */,
			);
			buildRules = (
			);
			dependencies = (
			);
			name = JobFinder;
			packageProductDependencies = (
				1E7573E92785A2AA00C57662 /* Introspect */,
				1EDBC1622790E8E900B34AFC /* URLImage */,
				1E672BD12799432100E12C40 /* Alamofire */,
				D4173F57282358DC00DCDC78 /* URLImageStore */,
			);
			productName = JobFinder;
			productReference = 1EEE31F72776D5AF005A4036 /* JobFinder.app */;
			productType = "com.apple.product-type.application";
		};
/* End PBXNativeTarget section */

/* Begin PBXProject section */
		1EEE31EF2776D5AF005A4036 /* Project object */ = {
			isa = PBXProject;
			attributes = {
				BuildIndependentTargetsInParallel = 1;
				LastSwiftUpdateCheck = 1300;
				LastUpgradeCheck = 1300;
				TargetAttributes = {
					1EEE31F62776D5AF005A4036 = {
						CreatedOnToolsVersion = 13.0;
					};
				};
			};
			buildConfigurationList = 1EEE31F22776D5AF005A4036 /* Build configuration list for PBXProject "JobFinder" */;
			compatibilityVersion = "Xcode 13.0";
			developmentRegion = en;
			hasScannedForEncodings = 0;
			knownRegions = (
				en,
				Base,
			);
			mainGroup = 1EEE31EE2776D5AF005A4036;
			packageReferences = (
				1E7573E82785A2AA00C57662 /* XCRemoteSwiftPackageReference "SwiftUI-Introspect" */,
				1EDBC1612790E8E900B34AFC /* XCRemoteSwiftPackageReference "url-image" */,
				1E672BD02799432100E12C40 /* XCRemoteSwiftPackageReference "Alamofire" */,
			);
			productRefGroup = 1EEE31F82776D5AF005A4036 /* Products */;
			projectDirPath = "";
			projectRoot = "";
			targets = (
				1EEE31F62776D5AF005A4036 /* JobFinder */,
			);
		};
/* End PBXProject section */

/* Begin PBXResourcesBuildPhase section */
		1EEE31F52776D5AF005A4036 /* Resources */ = {
			isa = PBXResourcesBuildPhase;
			buildActionMask = 2147483647;
			files = (
				1EEE32022776D5B3005A4036 /* Preview Assets.xcassets in Resources */,
				D40E7E1E281F42CF001C4574 /* Resume.pdf in Resources */,
				1EEE31FF2776D5B3005A4036 /* Assets.xcassets in Resources */,
			);
			runOnlyForDeploymentPostprocessing = 0;
		};
/* End PBXResourcesBuildPhase section */

/* Begin PBXSourcesBuildPhase section */
		1EEE31F32776D5AF005A4036 /* Sources */ = {
			isa = PBXSourcesBuildPhase;
			buildActionMask = 2147483647;
			files = (
				1EEE31FD2776D5AF005A4036 /* ContentView.swift in Sources */,
				1EEE322127771A20005A4036 /* PopularJobView.swift in Sources */,
				1E66DE16277C910B00831F21 /* DocumentPicker.swift in Sources */,
				D4784DA62821A76B00C92B99 /* AppliedUsersView.swift in Sources */,
				1E9D56A9278A338E0006FCC9 /* UserModel.swift in Sources */,
				1EEE322727773FA8005A4036 /* JobApply.swift in Sources */,
				1E7573E227859C8700C57662 /* ChatDetailView.swift in Sources */,
				1E66DE1C277CB63300831F21 /* ChooseAccountView.swift in Sources */,
				1EEE322527772C40005A4036 /* ApplyView.swift in Sources */,
				1E7573EC2785A68000C57662 /* keyboardHandler.swift in Sources */,
				1E9D56AF278A37F10006FCC9 /* LoginViewModel.swift in Sources */,
				1EF515BC2790F971009B687E /* LoadingView.swift in Sources */,
				D40E7E20281F430D001C4574 /* GetPdf.swift in Sources */,
				1E7573E027859C4900C57662 /* MessageView.swift in Sources */,
				1EEE32172776E439005A4036 /* LogInView.swift in Sources */,
				D4784DAC2821D9A600C92B99 /* Color+Extension.swift in Sources */,
				1E7573F92785F1A100C57662 /* SearchScreen.swift in Sources */,
				D40E7E1C281F3E93001C4574 /* AppliedUserDetailView.swift in Sources */,
				1EEE31FB2776D5AF005A4036 /* JobFinderApp.swift in Sources */,
				1EEE320E2776D617005A4036 /* HomeScreen.swift in Sources */,
				D4173F5C2824FEE000DCDC78 /* NotificationViewModel.swift in Sources */,
				1E9D56B1278A395E0006FCC9 /* RegisterViewModel.swift in Sources */,
				1E5980F8279AB51E002840D3 /* ImagePicker.swift in Sources */,
				1E7573F02785BD8400C57662 /* MessageListVieModel.swift in Sources */,
				D40E7E17281F1702001C4574 /* CompanyViewTab.swift in Sources */,
				D4784DA42820784100C92B99 /* AddPostViewModel.swift in Sources */,
				1EEE322C277795B0005A4036 /* MyApplicationView.swift in Sources */,
				1EEE32192776E448005A4036 /* SignUpView.swift in Sources */,
				1EEE322A277795A4005A4036 /* EditProfile.swift in Sources */,
				1E1CDEE72785FF9B00D14925 /* DisplayAllJobsView.swift in Sources */,
				1E66DE14277C90E800831F21 /* PDFKitRepresentedView.swift in Sources */,
				1E9D56AC278A34930006FCC9 /* AuthWebService.swift in Sources */,
				1E66DE1A277C982E00831F21 /* DocumentView.swift in Sources */,
				D40E7E22281F4566001C4574 /* CVView.swift in Sources */,
				1E672BD427994EF700E12C40 /* SearchViewModel.swift in Sources */,
				D40E7E0F281F1291001C4574 /* HomeCom.swift in Sources */,
				1EEE32122776D62F005A4036 /* ChatScreen.swift in Sources */,
				1E7573E727859D7700C57662 /* text+Extension.swift in Sources */,
				D40E7E24281F48DD001C4574 /* CreateNewJobPostView.swift in Sources */,
				D493A5EB28272C2800E88F4D /* UploadImageView.swift in Sources */,
				1EEE32142776D99F005A4036 /* OnboardView.swift in Sources */,
				1E7573F62785EB0500C57662 /* SearchResultView.swift in Sources */,
				D4784DA82821AC6300C92B99 /* FetchPostViewModel.swift in Sources */,
				D4784DAA2821B4E000C92B99 /* SingleJobPost.swift in Sources */,
				1EEE321E2776F9C7005A4036 /* SearchBar.swift in Sources */,
				D4784DAE2823099D00C92B99 /* EmptyView.swift in Sources */,
				1EEE322E277795BD005A4036 /* NotificationSettigView.swift in Sources */,
				1EEE32102776D624005A4036 /* ProfileScreen.swift in Sources */,
				1E672BD62799699E00E12C40 /* UserViewModel.swift in Sources */,
				1EDBC15C2790DAE600B34AFC /* JobViewModel.swift in Sources */,
				1E9D56B3278A52F30006FCC9 /* transition+Extension.swift in Sources */,
				D40E7E13281F12A5001C4574 /* ProfileCom.swift in Sources */,
				1E7573E427859CAF00C57662 /* ChatProfileBar.swift in Sources */,
				D40E7E1A281F3130001C4574 /* AppliedUser.swift in Sources */,
				D40E7E11281F129F001C4574 /* ChatCom.swift in Sources */,
				D493A5E9282719ED00E88F4D /* IosDateFormatter.swift in Sources */,
				D4173F5A28235A3200DCDC78 /* NotificationView.swift in Sources */,
				1EEE322327772788005A4036 /* RecentJob.swift in Sources */,
				1E5980FA279B13FC002840D3 /* UIImage+extension.swift in Sources */,
				1EEE321C2776F5FC005A4036 /* customModifier.swift in Sources */,
				1EDBC15E2790DB5200B34AFC /* Job.swift in Sources */,
			);
			runOnlyForDeploymentPostprocessing = 0;
		};
/* End PBXSourcesBuildPhase section */

/* Begin XCBuildConfiguration section */
		1EEE32032776D5B3005A4036 /* Debug */ = {
			isa = XCBuildConfiguration;
			buildSettings = {
				ALWAYS_SEARCH_USER_PATHS = NO;
				CLANG_ANALYZER_NONNULL = YES;
				CLANG_ANALYZER_NUMBER_OBJECT_CONVERSION = YES_AGGRESSIVE;
				CLANG_CXX_LANGUAGE_STANDARD = "gnu++17";
				CLANG_CXX_LIBRARY = "libc++";
				CLANG_ENABLE_MODULES = YES;
				CLANG_ENABLE_OBJC_ARC = YES;
				CLANG_ENABLE_OBJC_WEAK = YES;
				CLANG_WARN_BLOCK_CAPTURE_AUTORELEASING = YES;
				CLANG_WARN_BOOL_CONVERSION = YES;
				CLANG_WARN_COMMA = YES;
				CLANG_WARN_CONSTANT_CONVERSION = YES;
				CLANG_WARN_DEPRECATED_OBJC_IMPLEMENTATIONS = YES;
				CLANG_WARN_DIRECT_OBJC_ISA_USAGE = YES_ERROR;
				CLANG_WARN_DOCUMENTATION_COMMENTS = YES;
				CLANG_WARN_EMPTY_BODY = YES;
				CLANG_WARN_ENUM_CONVERSION = YES;
				CLANG_WARN_INFINITE_RECURSION = YES;
				CLANG_WARN_INT_CONVERSION = YES;
				CLANG_WARN_NON_LITERAL_NULL_CONVERSION = YES;
				CLANG_WARN_OBJC_IMPLICIT_RETAIN_SELF = YES;
				CLANG_WARN_OBJC_LITERAL_CONVERSION = YES;
				CLANG_WARN_OBJC_ROOT_CLASS = YES_ERROR;
				CLANG_WARN_QUOTED_INCLUDE_IN_FRAMEWORK_HEADER = YES;
				CLANG_WARN_RANGE_LOOP_ANALYSIS = YES;
				CLANG_WARN_STRICT_PROTOTYPES = YES;
				CLANG_WARN_SUSPICIOUS_MOVE = YES;
				CLANG_WARN_UNGUARDED_AVAILABILITY = YES_AGGRESSIVE;
				CLANG_WARN_UNREACHABLE_CODE = YES;
				CLANG_WARN__DUPLICATE_METHOD_MATCH = YES;
				COPY_PHASE_STRIP = NO;
				DEBUG_INFORMATION_FORMAT = dwarf;
				ENABLE_STRICT_OBJC_MSGSEND = YES;
				ENABLE_TESTABILITY = YES;
				GCC_C_LANGUAGE_STANDARD = gnu11;
				GCC_DYNAMIC_NO_PIC = NO;
				GCC_NO_COMMON_BLOCKS = YES;
				GCC_OPTIMIZATION_LEVEL = 0;
				GCC_PREPROCESSOR_DEFINITIONS = (
					"DEBUG=1",
					"$(inherited)",
				);
				GCC_WARN_64_TO_32_BIT_CONVERSION = YES;
				GCC_WARN_ABOUT_RETURN_TYPE = YES_ERROR;
				GCC_WARN_UNDECLARED_SELECTOR = YES;
				GCC_WARN_UNINITIALIZED_AUTOS = YES_AGGRESSIVE;
				GCC_WARN_UNUSED_FUNCTION = YES;
				GCC_WARN_UNUSED_VARIABLE = YES;
				IPHONEOS_DEPLOYMENT_TARGET = 15.0;
				MTL_ENABLE_DEBUG_INFO = INCLUDE_SOURCE;
				MTL_FAST_MATH = YES;
				ONLY_ACTIVE_ARCH = YES;
				SDKROOT = iphoneos;
				SWIFT_ACTIVE_COMPILATION_CONDITIONS = DEBUG;
				SWIFT_OPTIMIZATION_LEVEL = "-Onone";
			};
			name = Debug;
		};
		1EEE32042776D5B3005A4036 /* Release */ = {
			isa = XCBuildConfiguration;
			buildSettings = {
				ALWAYS_SEARCH_USER_PATHS = NO;
				CLANG_ANALYZER_NONNULL = YES;
				CLANG_ANALYZER_NUMBER_OBJECT_CONVERSION = YES_AGGRESSIVE;
				CLANG_CXX_LANGUAGE_STANDARD = "gnu++17";
				CLANG_CXX_LIBRARY = "libc++";
				CLANG_ENABLE_MODULES = YES;
				CLANG_ENABLE_OBJC_ARC = YES;
				CLANG_ENABLE_OBJC_WEAK = YES;
				CLANG_WARN_BLOCK_CAPTURE_AUTORELEASING = YES;
				CLANG_WARN_BOOL_CONVERSION = YES;
				CLANG_WARN_COMMA = YES;
				CLANG_WARN_CONSTANT_CONVERSION = YES;
				CLANG_WARN_DEPRECATED_OBJC_IMPLEMENTATIONS = YES;
				CLANG_WARN_DIRECT_OBJC_ISA_USAGE = YES_ERROR;
				CLANG_WARN_DOCUMENTATION_COMMENTS = YES;
				CLANG_WARN_EMPTY_BODY = YES;
				CLANG_WARN_ENUM_CONVERSION = YES;
				CLANG_WARN_INFINITE_RECURSION = YES;
				CLANG_WARN_INT_CONVERSION = YES;
				CLANG_WARN_NON_LITERAL_NULL_CONVERSION = YES;
				CLANG_WARN_OBJC_IMPLICIT_RETAIN_SELF = YES;
				CLANG_WARN_OBJC_LITERAL_CONVERSION = YES;
				CLANG_WARN_OBJC_ROOT_CLASS = YES_ERROR;
				CLANG_WARN_QUOTED_INCLUDE_IN_FRAMEWORK_HEADER = YES;
				CLANG_WARN_RANGE_LOOP_ANALYSIS = YES;
				CLANG_WARN_STRICT_PROTOTYPES = YES;
				CLANG_WARN_SUSPICIOUS_MOVE = YES;
				CLANG_WARN_UNGUARDED_AVAILABILITY = YES_AGGRESSIVE;
				CLANG_WARN_UNREACHABLE_CODE = YES;
				CLANG_WARN__DUPLICATE_METHOD_MATCH = YES;
				COPY_PHASE_STRIP = NO;
				DEBUG_INFORMATION_FORMAT = "dwarf-with-dsym";
				ENABLE_NS_ASSERTIONS = NO;
				ENABLE_STRICT_OBJC_MSGSEND = YES;
				GCC_C_LANGUAGE_STANDARD = gnu11;
				GCC_NO_COMMON_BLOCKS = YES;
				GCC_WARN_64_TO_32_BIT_CONVERSION = YES;
				GCC_WARN_ABOUT_RETURN_TYPE = YES_ERROR;
				GCC_WARN_UNDECLARED_SELECTOR = YES;
				GCC_WARN_UNINITIALIZED_AUTOS = YES_AGGRESSIVE;
				GCC_WARN_UNUSED_FUNCTION = YES;
				GCC_WARN_UNUSED_VARIABLE = YES;
				IPHONEOS_DEPLOYMENT_TARGET = 15.0;
				MTL_ENABLE_DEBUG_INFO = NO;
				MTL_FAST_MATH = YES;
				SDKROOT = iphoneos;
				SWIFT_COMPILATION_MODE = wholemodule;
				SWIFT_OPTIMIZATION_LEVEL = "-O";
				VALIDATE_PRODUCT = YES;
			};
			name = Release;
		};
		1EEE32062776D5B3005A4036 /* Debug */ = {
			isa = XCBuildConfiguration;
			buildSettings = {
				ASSETCATALOG_COMPILER_APPICON_NAME = AppIcon;
				ASSETCATALOG_COMPILER_GLOBAL_ACCENT_COLOR_NAME = AccentColor;
				CODE_SIGN_STYLE = Automatic;
				CURRENT_PROJECT_VERSION = 1;
				DEVELOPMENT_ASSET_PATHS = "\"JobFinder/Preview Content\"";
				DEVELOPMENT_TEAM = GB2N5D5KZF;
				ENABLE_PREVIEWS = YES;
				GENERATE_INFOPLIST_FILE = YES;
				INFOPLIST_KEY_UIApplicationSceneManifest_Generation = YES;
				INFOPLIST_KEY_UIApplicationSupportsIndirectInputEvents = YES;
				INFOPLIST_KEY_UILaunchScreen_Generation = YES;
				INFOPLIST_KEY_UISupportedInterfaceOrientations_iPad = "UIInterfaceOrientationPortrait UIInterfaceOrientationPortraitUpsideDown UIInterfaceOrientationLandscapeLeft UIInterfaceOrientationLandscapeRight";
				INFOPLIST_KEY_UISupportedInterfaceOrientations_iPhone = "UIInterfaceOrientationPortrait UIInterfaceOrientationLandscapeLeft UIInterfaceOrientationLandscapeRight";
				IPHONEOS_DEPLOYMENT_TARGET = 14.7;
				LD_RUNPATH_SEARCH_PATHS = (
					"$(inherited)",
					"@executable_path/Frameworks",
				);
				MARKETING_VERSION = 1.0;
				PRODUCT_BUNDLE_IDENTIFIER = com.raj.verma.JobFinder;
				PRODUCT_NAME = "$(TARGET_NAME)";
				SWIFT_EMIT_LOC_STRINGS = YES;
				SWIFT_VERSION = 5.0;
				TARGETED_DEVICE_FAMILY = "1,2";
			};
			name = Debug;
		};
		1EEE32072776D5B3005A4036 /* Release */ = {
			isa = XCBuildConfiguration;
			buildSettings = {
				ASSETCATALOG_COMPILER_APPICON_NAME = AppIcon;
				ASSETCATALOG_COMPILER_GLOBAL_ACCENT_COLOR_NAME = AccentColor;
				CODE_SIGN_STYLE = Automatic;
				CURRENT_PROJECT_VERSION = 1;
				DEVELOPMENT_ASSET_PATHS = "\"JobFinder/Preview Content\"";
				DEVELOPMENT_TEAM = GB2N5D5KZF;
				ENABLE_PREVIEWS = YES;
				GENERATE_INFOPLIST_FILE = YES;
				INFOPLIST_KEY_UIApplicationSceneManifest_Generation = YES;
				INFOPLIST_KEY_UIApplicationSupportsIndirectInputEvents = YES;
				INFOPLIST_KEY_UILaunchScreen_Generation = YES;
				INFOPLIST_KEY_UISupportedInterfaceOrientations_iPad = "UIInterfaceOrientationPortrait UIInterfaceOrientationPortraitUpsideDown UIInterfaceOrientationLandscapeLeft UIInterfaceOrientationLandscapeRight";
				INFOPLIST_KEY_UISupportedInterfaceOrientations_iPhone = "UIInterfaceOrientationPortrait UIInterfaceOrientationLandscapeLeft UIInterfaceOrientationLandscapeRight";
				IPHONEOS_DEPLOYMENT_TARGET = 14.7;
				LD_RUNPATH_SEARCH_PATHS = (
					"$(inherited)",
					"@executable_path/Frameworks",
				);
				MARKETING_VERSION = 1.0;
				PRODUCT_BUNDLE_IDENTIFIER = com.raj.verma.JobFinder;
				PRODUCT_NAME = "$(TARGET_NAME)";
				SWIFT_EMIT_LOC_STRINGS = YES;
				SWIFT_VERSION = 5.0;
				TARGETED_DEVICE_FAMILY = "1,2";
			};
			name = Release;
		};
/* End XCBuildConfiguration section */

/* Begin XCConfigurationList section */
		1EEE31F22776D5AF005A4036 /* Build configuration list for PBXProject "JobFinder" */ = {
			isa = XCConfigurationList;
			buildConfigurations = (
				1EEE32032776D5B3005A4036 /* Debug */,
				1EEE32042776D5B3005A4036 /* Release */,
			);
			defaultConfigurationIsVisible = 0;
			defaultConfigurationName = Release;
		};
		1EEE32052776D5B3005A4036 /* Build configuration list for PBXNativeTarget "JobFinder" */ = {
			isa = XCConfigurationList;
			buildConfigurations = (
				1EEE32062776D5B3005A4036 /* Debug */,
				1EEE32072776D5B3005A4036 /* Release */,
			);
			defaultConfigurationIsVisible = 0;
			defaultConfigurationName = Release;
		};
/* End XCConfigurationList section */

/* Begin XCRemoteSwiftPackageReference section */
		1E672BD02799432100E12C40 /* XCRemoteSwiftPackageReference "Alamofire" */ = {
			isa = XCRemoteSwiftPackageReference;
			repositoryURL = "https://github.com/Alamofire/Alamofire.git";
			requirement = {
				branch = master;
				kind = branch;
			};
		};
		1E7573E82785A2AA00C57662 /* XCRemoteSwiftPackageReference "SwiftUI-Introspect" */ = {
			isa = XCRemoteSwiftPackageReference;
			repositoryURL = "https://github.com/siteline/SwiftUI-Introspect.git";
			requirement = {
				branch = master;
				kind = branch;
			};
		};
		1EDBC1612790E8E900B34AFC /* XCRemoteSwiftPackageReference "url-image" */ = {
			isa = XCRemoteSwiftPackageReference;
			repositoryURL = "https://github.com/dmytro-anokhin/url-image";
			requirement = {
				kind = upToNextMajorVersion;
				minimumVersion = 3.0.0;
			};
		};
/* End XCRemoteSwiftPackageReference section */

/* Begin XCSwiftPackageProductDependency section */
		1E672BD12799432100E12C40 /* Alamofire */ = {
			isa = XCSwiftPackageProductDependency;
			package = 1E672BD02799432100E12C40 /* XCRemoteSwiftPackageReference "Alamofire" */;
			productName = Alamofire;
		};
		1E7573E92785A2AA00C57662 /* Introspect */ = {
			isa = XCSwiftPackageProductDependency;
			package = 1E7573E82785A2AA00C57662 /* XCRemoteSwiftPackageReference "SwiftUI-Introspect" */;
			productName = Introspect;
		};
		1EDBC1622790E8E900B34AFC /* URLImage */ = {
			isa = XCSwiftPackageProductDependency;
			package = 1EDBC1612790E8E900B34AFC /* XCRemoteSwiftPackageReference "url-image" */;
			productName = URLImage;
		};
		D4173F57282358DC00DCDC78 /* URLImageStore */ = {
			isa = XCSwiftPackageProductDependency;
			package = 1EDBC1612790E8E900B34AFC /* XCRemoteSwiftPackageReference "url-image" */;
			productName = URLImageStore;
		};
/* End XCSwiftPackageProductDependency section */
	};
	rootObject = 1EEE31EF2776D5AF005A4036 /* Project object */;
}
