{
  "object": {
    "pins": [
      {
        "package": "Alamofire",
        "repositoryURL": "https://github.com/Alamofire/Alamofire.git",
        "state": {
          "branch": "master",
          "revision": "3e5fc5d8ae939b655929a0edd60d3bb70f38027f",
          "version": null
        }
      },
      {
        "package": "Introspect",
        "repositoryURL": "https://github.com/siteline/SwiftUI-Introspect.git",
        "state": {
          "branch": "master",
          "revision": "72a509c93166540c0adf8323fd2652daade7f9f6",
          "version": null
        }
      },
      {
        "package": "URLImage",
        "repositoryURL": "https://github.com/dmytro-anokhin/url-image",
        "state": {
          "branch": null,
          "revision": "4042f955f1fdff00ced85545e1eecdbf969b5cd0",
          "version": "3.1.1"
        }
      }
    ]
  },
  "version": 1
}
